{
  "name": "throttle-proxy",
  "version": "0.8.0",
  "lockfileVersion": 1,
  "requires": true,
  "dependencies": {
    "debug": {
      "version": "3.1.0",
      "resolved": "https://registry.npmjs.org/debug/-/debug-3.1.0.tgz",
      "integrity": "sha512-OX8XqP7/1a9cqkxYw2yXss15f26NKWBpDXQd0/uK/KPqdQhxbPa994hnzjcE2VqQpDslf55723cKPUOGSmMY3g==",
      "requires": {
        "ms": "2.0.0"
      }
    },
    "ip": {
      "version": "0.1.0",
      "resolved": "https://registry.npmjs.org/ip/-/ip-0.1.0.tgz",
      "integrity": "sha1-v3/MwWCAl+z46HMVLKARI0vZmkA="
    },
    "ms": {
      "version": "2.0.0",
      "resolved": "https://registry.npmjs.org/ms/-/ms-2.0.0.tgz",
      "integrity": "sha1-VgiurfwAvmwpAd9fmGF4jeDVl8g="
    },
    "socks-handler": {
      "version": "0.2.1",
      "resolved": "https://registry.npmjs.org/socks-handler/-/socks-handler-0.2.1.tgz",
      "integrity": "sha1-v8Y7hOki6xtC2OmCD/3feBVw9Xs=",
      "requires": {
        "ip": "0.1.0",
        "through": "2.3.4"
      }
    },
    "through": {
      "version": "2.3.4",
      "resolved": "https://registry.npmjs.org/through/-/through-2.3.4.tgz",
      "integrity": "sha1-SV5A6Nio6uvHwnXqiMK4/BTFZFU="
    }
  }
}
